
Microsoft Visual Studio Solution File, Format Version 12.00
# Visual Studio 2013
VisualStudioVersion = 12.0.30723.0
MinimumVisualStudioVersion = 10.0.40219.1
Project("{FAE04EC0-301F-11D3-BF4B-00C04F79EFBC}") = "sampleapi", "sampleapi\sampleapi.csproj", "{9DE1CD51-1041-4427-96D3-FA3BAD20DD67}"
EndProject
Project("{FAE04EC0-301F-11D3-BF4B-00C04F79EFBC}") = "SampleMVC1", "SampleMVC1\SampleMVC1.csproj", "{2E0D4332-90A3-4512-B703-D09ADA15B62D}"
EndProject
Global
	GlobalSection(SolutionConfigurationPlatforms) = preSolution
		Debug|Any CPU = Debug|Any CPU
		Release|Any CPU = Release|Any CPU
	EndGlobalSection
	GlobalSection(ProjectConfigurationPlatforms) = postSolution
		{9DE1CD51-1041-4427-96D3-FA3BAD20DD67}.Debug|Any CPU.ActiveCfg = Debug|Any CPU
		{9DE1CD51-1041-4427-96D3-FA3BAD20DD67}.Debug|Any CPU.Build.0 = Debug|Any CPU
		{9DE1CD51-1041-4427-96D3-FA3BAD20DD67}.Release|Any CPU.ActiveCfg = Release|Any CPU
		{9DE1CD51-1041-4427-96D3-FA3BAD20DD67}.Release|Any CPU.Build.0 = Release|Any CPU
		{2E0D4332-90A3-4512-B703-D09ADA15B62D}.Debug|Any CPU.ActiveCfg = Debug|Any CPU
		{2E0D4332-90A3-4512-B703-D09ADA15B62D}.Debug|Any CPU.Build.0 = Debug|Any CPU
		{2E0D4332-90A3-4512-B703-D09ADA15B62D}.Release|Any CPU.ActiveCfg = Release|Any CPU
		{2E0D4332-90A3-4512-B703-D09ADA15B62D}.Release|Any CPU.Build.0 = Release|Any CPU
	EndGlobalSection
	GlobalSection(SolutionProperties) = preSolution
		HideSolutionNode = FALSE
	EndGlobalSection
EndGlobal
